// !$*UTF8*$!
{
	archiveVersion = 1;
	classes = {
	};
	objectVersion = 50;
	objects = {

/* Begin PBXBuildFile section */
		AC13440925BD8D1D0005AFBC /* AppDelegate.swift in Sources */ = {isa = PBXBuildFile; fileRef = AC13440825BD8D1D0005AFBC /* AppDelegate.swift */; };
		AC13440D25BD8D1D0005AFBC /* JokesViewController.swift in Sources */ = {isa = PBXBuildFile; fileRef = AC13440C25BD8D1D0005AFBC /* JokesViewController.swift */; };
		AC13441225BD8D280005AFBC /* Assets.xcassets in Resources */ = {isa = PBXBuildFile; fileRef = AC13441125BD8D280005AFBC /* Assets.xcassets */; };
		AC13441525BD8D280005AFBC /* LaunchScreen.storyboard in Resources */ = {isa = PBXBuildFile; fileRef = AC13441325BD8D280005AFBC /* LaunchScreen.storyboard */; };
		AC13441D25BD8ECF0005AFBC /* TabBarController.swift in Sources */ = {isa = PBXBuildFile; fileRef = AC13441C25BD8ECF0005AFBC /* TabBarController.swift */; };
		AC13441F25BD90AD0005AFBC /* ApiViewController.swift in Sources */ = {isa = PBXBuildFile; fileRef = AC13441E25BD90AD0005AFBC /* ApiViewController.swift */; };
		AC13442125BD971D0005AFBC /* UIView +.swift in Sources */ = {isa = PBXBuildFile; fileRef = AC13442025BD971D0005AFBC /* UIView +.swift */; };
		AC13442325BDAF8B0005AFBC /* NetworkManager.swift in Sources */ = {isa = PBXBuildFile; fileRef = AC13442225BDAF8B0005AFBC /* NetworkManager.swift */; };
		AC13442525BDB1870005AFBC /* JokeModel.swift in Sources */ = {isa = PBXBuildFile; fileRef = AC13442425BDB1870005AFBC /* JokeModel.swift */; };
		AC13442725BDB3930005AFBC /* SearchModel.swift in Sources */ = {isa = PBXBuildFile; fileRef = AC13442625BDB3930005AFBC /* SearchModel.swift */; };
		AC13443225BDB6FD0005AFBC /* UITextField +.swift in Sources */ = {isa = PBXBuildFile; fileRef = AC13443125BDB6FD0005AFBC /* UITextField +.swift */; };
		AC13443425BDB8450005AFBC /* UIButton +.swift in Sources */ = {isa = PBXBuildFile; fileRef = AC13443325BDB8450005AFBC /* UIButton +.swift */; };
		AC13443625BDC8580005AFBC /* UITableViewCell +.swift in Sources */ = {isa = PBXBuildFile; fileRef = AC13443525BDC8580005AFBC /* UITableViewCell +.swift */; };
		AC13443825BDC93C0005AFBC /* UITableView +.swift in Sources */ = {isa = PBXBuildFile; fileRef = AC13443725BDC93C0005AFBC /* UITableView +.swift */; };
		AC13443B25BDCA170005AFBC /* JokeCell.swift in Sources */ = {isa = PBXBuildFile; fileRef = AC13443A25BDCA170005AFBC /* JokeCell.swift */; };
		AC13444225BF3D9B0005AFBC /* ErrorAlertController.swift in Sources */ = {isa = PBXBuildFile; fileRef = AC13444125BF3D9B0005AFBC /* ErrorAlertController.swift */; };
		AC13444425BF44F10005AFBC /* KeyboardProtocol.swift in Sources */ = {isa = PBXBuildFile; fileRef = AC13444325BF44F10005AFBC /* KeyboardProtocol.swift */; };
		AC79E2D825C158C10025ADCD /* README.md in Resources */ = {isa = PBXBuildFile; fileRef = AC79E2D725C158C10025ADCD /* README.md */; };
/* End PBXBuildFile section */

/* Begin PBXFileReference section */
		AC13440525BD8D1D0005AFBC /* JokesList.app */ = {isa = PBXFileReference; explicitFileType = wrapper.application; includeInIndex = 0; path = JokesList.app; sourceTree = BUILT_PRODUCTS_DIR; };
		AC13440825BD8D1D0005AFBC /* AppDelegate.swift */ = {isa = PBXFileReference; lastKnownFileType = sourcecode.swift; path = AppDelegate.swift; sourceTree = "<group>"; };
		AC13440C25BD8D1D0005AFBC /* JokesViewController.swift */ = {isa = PBXFileReference; lastKnownFileType = sourcecode.swift; path = JokesViewController.swift; sourceTree = "<group>"; };
		AC13441125BD8D280005AFBC /* Assets.xcassets */ = {isa = PBXFileReference; lastKnownFileType = folder.assetcatalog; path = Assets.xcassets; sourceTree = "<group>"; };
		AC13441425BD8D280005AFBC /* Base */ = {isa = PBXFileReference; lastKnownFileType = file.storyboard; name = Base; path = Base.lproj/LaunchScreen.storyboard; sourceTree = "<group>"; };
		AC13441625BD8D280005AFBC /* Info.plist */ = {isa = PBXFileReference; lastKnownFileType = text.plist.xml; path = Info.plist; sourceTree = "<group>"; };
		AC13441C25BD8ECF0005AFBC /* TabBarController.swift */ = {isa = PBXFileReference; lastKnownFileType = sourcecode.swift; path = TabBarController.swift; sourceTree = "<group>"; };
		AC13441E25BD90AD0005AFBC /* ApiViewController.swift */ = {isa = PBXFileReference; lastKnownFileType = sourcecode.swift; path = ApiViewController.swift; sourceTree = "<group>"; };
		AC13442025BD971D0005AFBC /* UIView +.swift */ = {isa = PBXFileReference; lastKnownFileType = sourcecode.swift; path = "UIView +.swift"; sourceTree = "<group>"; };
		AC13442225BDAF8B0005AFBC /* NetworkManager.swift */ = {isa = PBXFileReference; lastKnownFileType = sourcecode.swift; path = NetworkManager.swift; sourceTree = "<group>"; };
		AC13442425BDB1870005AFBC /* JokeModel.swift */ = {isa = PBXFileReference; lastKnownFileType = sourcecode.swift; path = JokeModel.swift; sourceTree = "<group>"; };
		AC13442625BDB3930005AFBC /* SearchModel.swift */ = {isa = PBXFileReference; lastKnownFileType = sourcecode.swift; path = SearchModel.swift; sourceTree = "<group>"; };
		AC13443125BDB6FD0005AFBC /* UITextField +.swift */ = {isa = PBXFileReference; lastKnownFileType = sourcecode.swift; path = "UITextField +.swift"; sourceTree = "<group>"; };
		AC13443325BDB8450005AFBC /* UIButton +.swift */ = {isa = PBXFileReference; lastKnownFileType = sourcecode.swift; path = "UIButton +.swift"; sourceTree = "<group>"; };
		AC13443525BDC8580005AFBC /* UITableViewCell +.swift */ = {isa = PBXFileReference; lastKnownFileType = sourcecode.swift; path = "UITableViewCell +.swift"; sourceTree = "<group>"; };
		AC13443725BDC93C0005AFBC /* UITableView +.swift */ = {isa = PBXFileReference; lastKnownFileType = sourcecode.swift; path = "UITableView +.swift"; sourceTree = "<group>"; };
		AC13443A25BDCA170005AFBC /* JokeCell.swift */ = {isa = PBXFileReference; lastKnownFileType = sourcecode.swift; path = JokeCell.swift; sourceTree = "<group>"; };
		AC13444125BF3D9B0005AFBC /* ErrorAlertController.swift */ = {isa = PBXFileReference; lastKnownFileType = sourcecode.swift; path = ErrorAlertController.swift; sourceTree = "<group>"; };
		AC13444325BF44F10005AFBC /* KeyboardProtocol.swift */ = {isa = PBXFileReference; lastKnownFileType = sourcecode.swift; path = KeyboardProtocol.swift; sourceTree = "<group>"; };
		AC79E2D725C158C10025ADCD /* README.md */ = {isa = PBXFileReference; lastKnownFileType = net.daringfireball.markdown; path = README.md; sourceTree = "<group>"; };
/* End PBXFileReference section */

/* Begin PBXFrameworksBuildPhase section */
		AC13440225BD8D1D0005AFBC /* Frameworks */ = {
			isa = PBXFrameworksBuildPhase;
			buildActionMask = 2147483647;
			files = (
			);
			runOnlyForDeploymentPostprocessing = 0;
		};
/* End PBXFrameworksBuildPhase section */

/* Begin PBXGroup section */
		AC1343FC25BD8D1D0005AFBC = {
			isa = PBXGroup;
			children = (
				AC13440725BD8D1D0005AFBC /* JokesList */,
				AC13440625BD8D1D0005AFBC /* Products */,
			);
			sourceTree = "<group>";
		};
		AC13440625BD8D1D0005AFBC /* Products */ = {
			isa = PBXGroup;
			children = (
				AC13440525BD8D1D0005AFBC /* JokesList.app */,
			);
			name = Products;
			sourceTree = "<group>";
		};
		AC13440725BD8D1D0005AFBC /* JokesList */ = {
			isa = PBXGroup;
			children = (
				AC13440825BD8D1D0005AFBC /* AppDelegate.swift */,
				AC13441625BD8D280005AFBC /* Info.plist */,
				AC13441125BD8D280005AFBC /* Assets.xcassets */,
				AC13442E25BDB6770005AFBC /* Extensions */,
				AC13444025BF3D880005AFBC /* Helpers */,
				AC13442825BDB5AF0005AFBC /* Service */,
				AC13442B25BDB5FC0005AFBC /* TabBar */,
				AC13444525BF4D640005AFBC /* Launch storyboard */,
			);
			path = JokesList;
			sourceTree = "<group>";
		};
		AC13442825BDB5AF0005AFBC /* Service */ = {
			isa = PBXGroup;
			children = (
				AC13442925BDB5B80005AFBC /* Network */,
			);
			path = Service;
			sourceTree = "<group>";
		};
		AC13442925BDB5B80005AFBC /* Network */ = {
			isa = PBXGroup;
			children = (
				AC13442A25BDB5C50005AFBC /* Models */,
				AC13442225BDAF8B0005AFBC /* NetworkManager.swift */,
			);
			path = Network;
			sourceTree = "<group>";
		};
		AC13442A25BDB5C50005AFBC /* Models */ = {
			isa = PBXGroup;
			children = (
				AC13442625BDB3930005AFBC /* SearchModel.swift */,
				AC13442425BDB1870005AFBC /* JokeModel.swift */,
			);
			path = Models;
			sourceTree = "<group>";
		};
		AC13442B25BDB5FC0005AFBC /* TabBar */ = {
			isa = PBXGroup;
			children = (
				AC79E2D725C158C10025ADCD /* README.md */,
				AC13441C25BD8ECF0005AFBC /* TabBarController.swift */,
				AC13442C25BDB63F0005AFBC /* Jokes screen */,
				AC13442D25BDB6550005AFBC /* Api screen */,
			);
			path = TabBar;
			sourceTree = "<group>";
		};
		AC13442C25BDB63F0005AFBC /* Jokes screen */ = {
			isa = PBXGroup;
			children = (
				AC13443925BDC9EC0005AFBC /* Cell */,
				AC13444325BF44F10005AFBC /* KeyboardProtocol.swift */,
				AC13440C25BD8D1D0005AFBC /* JokesViewController.swift */,
			);
			path = "Jokes screen";
			sourceTree = "<group>";
		};
		AC13442D25BDB6550005AFBC /* Api screen */ = {
			isa = PBXGroup;
			children = (
				AC13441E25BD90AD0005AFBC /* ApiViewController.swift */,
			);
			path = "Api screen";
			sourceTree = "<group>";
		};
		AC13442E25BDB6770005AFBC /* Extensions */ = {
			isa = PBXGroup;
			children = (
				AC13442F25BDB6820005AFBC /* UIKit */,
			);
			path = Extensions;
			sourceTree = "<group>";
		};
		AC13442F25BDB6820005AFBC /* UIKit */ = {
			isa = PBXGroup;
			children = (
				AC13442025BD971D0005AFBC /* UIView +.swift */,
				AC13443725BDC93C0005AFBC /* UITableView +.swift */,
				AC13443525BDC8580005AFBC /* UITableViewCell +.swift */,
				AC13443125BDB6FD0005AFBC /* UITextField +.swift */,
				AC13443325BDB8450005AFBC /* UIButton +.swift */,
			);
			path = UIKit;
			sourceTree = "<group>";
		};
		AC13443925BDC9EC0005AFBC /* Cell */ = {
			isa = PBXGroup;
			children = (
				AC13443A25BDCA170005AFBC /* JokeCell.swift */,
			);
			name = Cell;
			sourceTree = "<group>";
		};
		AC13444025BF3D880005AFBC /* Helpers */ = {
			isa = PBXGroup;
			children = (
				AC13444125BF3D9B0005AFBC /* ErrorAlertController.swift */,
			);
			path = Helpers;
			sourceTree = "<group>";
		};
		AC13444525BF4D640005AFBC /* Launch storyboard */ = {
			isa = PBXGroup;
			children = (
				AC13441325BD8D280005AFBC /* LaunchScreen.storyboard */,
			);
			path = "Launch storyboard";
			sourceTree = "<group>";
		};
/* End PBXGroup section */

/* Begin PBXNativeTarget section */
		AC13440425BD8D1D0005AFBC /* JokesList */ = {
			isa = PBXNativeTarget;
			buildConfigurationList = AC13441925BD8D280005AFBC /* Build configuration list for PBXNativeTarget "JokesList" */;
			buildPhases = (
				AC13440125BD8D1D0005AFBC /* Sources */,
				AC13440225BD8D1D0005AFBC /* Frameworks */,
				AC13440325BD8D1D0005AFBC /* Resources */,
			);
			buildRules = (
			);
			dependencies = (
			);
			name = JokesList;
			productName = JokesList;
			productReference = AC13440525BD8D1D0005AFBC /* JokesList.app */;
			productType = "com.apple.product-type.application";
		};
/* End PBXNativeTarget section */

/* Begin PBXProject section */
		AC1343FD25BD8D1D0005AFBC /* Project object */ = {
			isa = PBXProject;
			attributes = {
				LastSwiftUpdateCheck = 1150;
				LastUpgradeCheck = 1240;
				ORGANIZATIONNAME = "Artem Ustinov";
				TargetAttributes = {
					AC13440425BD8D1D0005AFBC = {
						CreatedOnToolsVersion = 11.5;
					};
				};
			};
			buildConfigurationList = AC13440025BD8D1D0005AFBC /* Build configuration list for PBXProject "JokesList" */;
			compatibilityVersion = "Xcode 9.3";
			developmentRegion = en;
			hasScannedForEncodings = 0;
			knownRegions = (
				en,
				Base,
			);
			mainGroup = AC1343FC25BD8D1D0005AFBC;
			productRefGroup = AC13440625BD8D1D0005AFBC /* Products */;
			projectDirPath = "";
			projectRoot = "";
			targets = (
				AC13440425BD8D1D0005AFBC /* JokesList */,
			);
		};
/* End PBXProject section */

/* Begin PBXResourcesBuildPhase section */
		AC13440325BD8D1D0005AFBC /* Resources */ = {
			isa = PBXResourcesBuildPhase;
			buildActionMask = 2147483647;
			files = (
				AC79E2D825C158C10025ADCD /* README.md in Resources */,
				AC13441525BD8D280005AFBC /* LaunchScreen.storyboard in Resources */,
				AC13441225BD8D280005AFBC /* Assets.xcassets in Resources */,
			);
			runOnlyForDeploymentPostprocessing = 0;
		};
/* End PBXResourcesBuildPhase section */

/* Begin PBXSourcesBuildPhase section */
		AC13440125BD8D1D0005AFBC /* Sources */ = {
			isa = PBXSourcesBuildPhase;
			buildActionMask = 2147483647;
			files = (
				AC13442325BDAF8B0005AFBC /* NetworkManager.swift in Sources */,
				AC13441D25BD8ECF0005AFBC /* TabBarController.swift in Sources */,
				AC13440D25BD8D1D0005AFBC /* JokesViewController.swift in Sources */,
				AC13442725BDB3930005AFBC /* SearchModel.swift in Sources */,
				AC13440925BD8D1D0005AFBC /* AppDelegate.swift in Sources */,
				AC13443B25BDCA170005AFBC /* JokeCell.swift in Sources */,
				AC13443225BDB6FD0005AFBC /* UITextField +.swift in Sources */,
				AC13444425BF44F10005AFBC /* KeyboardProtocol.swift in Sources */,
				AC13443825BDC93C0005AFBC /* UITableView +.swift in Sources */,
				AC13442525BDB1870005AFBC /* JokeModel.swift in Sources */,
				AC13441F25BD90AD0005AFBC /* ApiViewController.swift in Sources */,
				AC13443425BDB8450005AFBC /* UIButton +.swift in Sources */,
				AC13442125BD971D0005AFBC /* UIView +.swift in Sources */,
				AC13443625BDC8580005AFBC /* UITableViewCell +.swift in Sources */,
				AC13444225BF3D9B0005AFBC /* ErrorAlertController.swift in Sources */,
			);
			runOnlyForDeploymentPostprocessing = 0;
		};
/* End PBXSourcesBuildPhase section */

/* Begin PBXVariantGroup section */
		AC13441325BD8D280005AFBC /* LaunchScreen.storyboard */ = {
			isa = PBXVariantGroup;
			children = (
				AC13441425BD8D280005AFBC /* Base */,
			);
			name = LaunchScreen.storyboard;
			sourceTree = "<group>";
		};
/* End PBXVariantGroup section */

/* Begin XCBuildConfiguration section */
		AC13441725BD8D280005AFBC /* Debug */ = {
			isa = XCBuildConfiguration;
			buildSettings = {
				ALWAYS_SEARCH_USER_PATHS = NO;
				CLANG_ANALYZER_NONNULL = YES;
				CLANG_ANALYZER_NUMBER_OBJECT_CONVERSION = YES_AGGRESSIVE;
				CLANG_CXX_LANGUAGE_STANDARD = "gnu++14";
				CLANG_CXX_LIBRARY = "libc++";
				CLANG_ENABLE_MODULES = YES;
				CLANG_ENABLE_OBJC_ARC = YES;
				CLANG_ENABLE_OBJC_WEAK = YES;
				CLANG_WARN_BLOCK_CAPTURE_AUTORELEASING = YES;
				CLANG_WARN_BOOL_CONVERSION = YES;
				CLANG_WARN_COMMA = YES;
				CLANG_WARN_CONSTANT_CONVERSION = YES;
				CLANG_WARN_DEPRECATED_OBJC_IMPLEMENTATIONS = YES;
				CLANG_WARN_DIRECT_OBJC_ISA_USAGE = YES_ERROR;
				CLANG_WARN_DOCUMENTATION_COMMENTS = YES;
				CLANG_WARN_EMPTY_BODY = YES;
				CLANG_WARN_ENUM_CONVERSION = YES;
				CLANG_WARN_INFINITE_RECURSION = YES;
				CLANG_WARN_INT_CONVERSION = YES;
				CLANG_WARN_NON_LITERAL_NULL_CONVERSION = YES;
				CLANG_WARN_OBJC_IMPLICIT_RETAIN_SELF = YES;
				CLANG_WARN_OBJC_LITERAL_CONVERSION = YES;
				CLANG_WARN_OBJC_ROOT_CLASS = YES_ERROR;
				CLANG_WARN_QUOTED_INCLUDE_IN_FRAMEWORK_HEADER = YES;
				CLANG_WARN_RANGE_LOOP_ANALYSIS = YES;
				CLANG_WARN_STRICT_PROTOTYPES = YES;
				CLANG_WARN_SUSPICIOUS_MOVE = YES;
				CLANG_WARN_UNGUARDED_AVAILABILITY = YES_AGGRESSIVE;
				CLANG_WARN_UNREACHABLE_CODE = YES;
				CLANG_WARN__DUPLICATE_METHOD_MATCH = YES;
				COPY_PHASE_STRIP = NO;
				DEBUG_INFORMATION_FORMAT = dwarf;
				ENABLE_STRICT_OBJC_MSGSEND = YES;
				ENABLE_TESTABILITY = YES;
				GCC_C_LANGUAGE_STANDARD = gnu11;
				GCC_DYNAMIC_NO_PIC = NO;
				GCC_NO_COMMON_BLOCKS = YES;
				GCC_OPTIMIZATION_LEVEL = 0;
				GCC_PREPROCESSOR_DEFINITIONS = (
					"DEBUG=1",
					"$(inherited)",
				);
				GCC_WARN_64_TO_32_BIT_CONVERSION = YES;
				GCC_WARN_ABOUT_RETURN_TYPE = YES_ERROR;
				GCC_WARN_UNDECLARED_SELECTOR = YES;
				GCC_WARN_UNINITIALIZED_AUTOS = YES_AGGRESSIVE;
				GCC_WARN_UNUSED_FUNCTION = YES;
				GCC_WARN_UNUSED_VARIABLE = YES;
				IPHONEOS_DEPLOYMENT_TARGET = 10.0;
				MTL_ENABLE_DEBUG_INFO = INCLUDE_SOURCE;
				MTL_FAST_MATH = YES;
				ONLY_ACTIVE_ARCH = YES;
				SDKROOT = iphoneos;
				SWIFT_ACTIVE_COMPILATION_CONDITIONS = DEBUG;
				SWIFT_OPTIMIZATION_LEVEL = "-Onone";
			};
			name = Debug;
		};
		AC13441825BD8D280005AFBC /* Release */ = {
			isa = XCBuildConfiguration;
			buildSettings = {
				ALWAYS_SEARCH_USER_PATHS = NO;
				CLANG_ANALYZER_NONNULL = YES;
				CLANG_ANALYZER_NUMBER_OBJECT_CONVERSION = YES_AGGRESSIVE;
				CLANG_CXX_LANGUAGE_STANDARD = "gnu++14";
				CLANG_CXX_LIBRARY = "libc++";
				CLANG_ENABLE_MODULES = YES;
				CLANG_ENABLE_OBJC_ARC = YES;
				CLANG_ENABLE_OBJC_WEAK = YES;
				CLANG_WARN_BLOCK_CAPTURE_AUTORELEASING = YES;
				CLANG_WARN_BOOL_CONVERSION = YES;
				CLANG_WARN_COMMA = YES;
				CLANG_WARN_CONSTANT_CONVERSION = YES;
				CLANG_WARN_DEPRECATED_OBJC_IMPLEMENTATIONS = YES;
				CLANG_WARN_DIRECT_OBJC_ISA_USAGE = YES_ERROR;
				CLANG_WARN_DOCUMENTATION_COMMENTS = YES;
				CLANG_WARN_EMPTY_BODY = YES;
				CLANG_WARN_ENUM_CONVERSION = YES;
				CLANG_WARN_INFINITE_RECURSION = YES;
				CLANG_WARN_INT_CONVERSION = YES;
				CLANG_WARN_NON_LITERAL_NULL_CONVERSION = YES;
				CLANG_WARN_OBJC_IMPLICIT_RETAIN_SELF = YES;
				CLANG_WARN_OBJC_LITERAL_CONVERSION = YES;
				CLANG_WARN_OBJC_ROOT_CLASS = YES_ERROR;
				CLANG_WARN_QUOTED_INCLUDE_IN_FRAMEWORK_HEADER = YES;
				CLANG_WARN_RANGE_LOOP_ANALYSIS = YES;
				CLANG_WARN_STRICT_PROTOTYPES = YES;
				CLANG_WARN_SUSPICIOUS_MOVE = YES;
				CLANG_WARN_UNGUARDED_AVAILABILITY = YES_AGGRESSIVE;
				CLANG_WARN_UNREACHABLE_CODE = YES;
				CLANG_WARN__DUPLICATE_METHOD_MATCH = YES;
				COPY_PHASE_STRIP = NO;
				DEBUG_INFORMATION_FORMAT = "dwarf-with-dsym";
				ENABLE_NS_ASSERTIONS = NO;
				ENABLE_STRICT_OBJC_MSGSEND = YES;
				GCC_C_LANGUAGE_STANDARD = gnu11;
				GCC_NO_COMMON_BLOCKS = YES;
				GCC_WARN_64_TO_32_BIT_CONVERSION = YES;
				GCC_WARN_ABOUT_RETURN_TYPE = YES_ERROR;
				GCC_WARN_UNDECLARED_SELECTOR = YES;
				GCC_WARN_UNINITIALIZED_AUTOS = YES_AGGRESSIVE;
				GCC_WARN_UNUSED_FUNCTION = YES;
				GCC_WARN_UNUSED_VARIABLE = YES;
				IPHONEOS_DEPLOYMENT_TARGET = 10.0;
				MTL_ENABLE_DEBUG_INFO = NO;
				MTL_FAST_MATH = YES;
				SDKROOT = iphoneos;
				SWIFT_COMPILATION_MODE = wholemodule;
				SWIFT_OPTIMIZATION_LEVEL = "-O";
				VALIDATE_PRODUCT = YES;
			};
			name = Release;
		};
		AC13441A25BD8D280005AFBC /* Debug */ = {
			isa = XCBuildConfiguration;
			buildSettings = {
				ASSETCATALOG_COMPILER_APPICON_NAME = AppIcon;
				CODE_SIGN_STYLE = Automatic;
				DEVELOPMENT_TEAM = 7B5A43VP4C;
				INFOPLIST_FILE = JokesList/Info.plist;
				IPHONEOS_DEPLOYMENT_TARGET = 12.0;
				LD_RUNPATH_SEARCH_PATHS = (
					"$(inherited)",
					"@executable_path/Frameworks",
				);
				PRODUCT_BUNDLE_IDENTIFIER = ArtemUstinov.JokesList;
				PRODUCT_NAME = "$(TARGET_NAME)";
				SWIFT_VERSION = 5.0;
				TARGETED_DEVICE_FAMILY = 1;
			};
			name = Debug;
		};
		AC13441B25BD8D280005AFBC /* Release */ = {
			isa = XCBuildConfiguration;
			buildSettings = {
				ASSETCATALOG_COMPILER_APPICON_NAME = AppIcon;
				CODE_SIGN_STYLE = Automatic;
				DEVELOPMENT_TEAM = 7B5A43VP4C;
				INFOPLIST_FILE = JokesList/Info.plist;
				IPHONEOS_DEPLOYMENT_TARGET = 12.0;
				LD_RUNPATH_SEARCH_PATHS = (
					"$(inherited)",
					"@executable_path/Frameworks",
				);
				PRODUCT_BUNDLE_IDENTIFIER = ArtemUstinov.JokesList;
				PRODUCT_NAME = "$(TARGET_NAME)";
				SWIFT_VERSION = 5.0;
				TARGETED_DEVICE_FAMILY = 1;
			};
			name = Release;
		};
/* End XCBuildConfiguration section */

/* Begin XCConfigurationList section */
		AC13440025BD8D1D0005AFBC /* Build configuration list for PBXProject "JokesList" */ = {
			isa = XCConfigurationList;
			buildConfigurations = (
				AC13441725BD8D280005AFBC /* Debug */,
				AC13441825BD8D280005AFBC /* Release */,
			);
			defaultConfigurationIsVisible = 0;
			defaultConfigurationName = Release;
		};
		AC13441925BD8D280005AFBC /* Build configuration list for PBXNativeTarget "JokesList" */ = {
			isa = XCConfigurationList;
			buildConfigurations = (
				AC13441A25BD8D280005AFBC /* Debug */,
				AC13441B25BD8D280005AFBC /* Release */,
			);
			defaultConfigurationIsVisible = 0;
			defaultConfigurationName = Release;
		};
/* End XCConfigurationList section */
	};
	rootObject = AC1343FD25BD8D1D0005AFBC /* Project object */;
}
